
Microsoft Visual Studio Solution File, Format Version 12.00
# Visual Studio 15
VisualStudioVersion = 15.0.27309.0
MinimumVisualStudioVersion = 10.0.40219.1
Project("{FAE04EC0-301F-11D3-BF4B-00C04F79EFBC}") = "TestControlsInPopupsNotWorking", "TestControlsInPopupsNotWorking.csproj", "{304AFB64-0E5F-4630-B62C-93880A9A44E2}"
EndProject
Global
	GlobalSection(SolutionConfigurationPlatforms) = preSolution
		Debug|Any CPU = Debug|Any CPU
		Release|Any CPU = Release|Any CPU
	EndGlobalSection
	GlobalSection(ProjectConfigurationPlatforms) = postSolution
		{304AFB64-0E5F-4630-B62C-93880A9A44E2}.Debug|Any CPU.ActiveCfg = Debug|Any CPU
		{304AFB64-0E5F-4630-B62C-93880A9A44E2}.Debug|Any CPU.Build.0 = Debug|Any CPU
		{304AFB64-0E5F-4630-B62C-93880A9A44E2}.Release|Any CPU.ActiveCfg = Release|Any CPU
		{304AFB64-0E5F-4630-B62C-93880A9A44E2}.Release|Any CPU.Build.0 = Release|Any CPU
	EndGlobalSection
	GlobalSection(SolutionProperties) = preSolution
		HideSolutionNode = FALSE
	EndGlobalSection
	GlobalSection(ExtensibilityGlobals) = postSolution
		SolutionGuid = {F2552F29-3E56-48FD-B9E9-1563BDA341DA}
	EndGlobalSection
EndGlobal
